// !$*UTF8*$!
{
	archiveVersion = 1;
	classes = {
	};
	objectVersion = 46;
	objects = {

/* Begin PBXBuildFile section */
		009F84F61978B3D9007F1FC7 /* RWMainMenuViewController.m in Sources */ = {isa = PBXBuildFile; fileRef = 009F84F51978B3D9007F1FC7 /* RWMainMenuViewController.m */; };
		00A822FF1972E523003D5946 /* Foundation.framework in Frameworks */ = {isa = PBXBuildFile; fileRef = 00A822FE1972E523003D5946 /* Foundation.framework */; };
		00A823011972E523003D5946 /* CoreGraphics.framework in Frameworks */ = {isa = PBXBuildFile; fileRef = 00A823001972E523003D5946 /* CoreGraphics.framework */; };
		00A823031972E523003D5946 /* UIKit.framework in Frameworks */ = {isa = PBXBuildFile; fileRef = 00A823021972E523003D5946 /* UIKit.framework */; };
		00A823091972E523003D5946 /* InfoPlist.strings in Resources */ = {isa = PBXBuildFile; fileRef = 00A823071972E523003D5946 /* InfoPlist.strings */; };
		00A8230B1972E523003D5946 /* main.m in Sources */ = {isa = PBXBuildFile; fileRef = 00A8230A1972E523003D5946 /* main.m */; };
		00A8230F1972E523003D5946 /* RWAppDelegate.m in Sources */ = {isa = PBXBuildFile; fileRef = 00A8230E1972E523003D5946 /* RWAppDelegate.m */; };
		00A823151972E523003D5946 /* RWViewController.m in Sources */ = {isa = PBXBuildFile; fileRef = 00A823141972E523003D5946 /* RWViewController.m */; };
		00A823171972E523003D5946 /* Images.xcassets in Resources */ = {isa = PBXBuildFile; fileRef = 00A823161972E523003D5946 /* Images.xcassets */; };
		00A8231E1972E523003D5946 /* XCTest.framework in Frameworks */ = {isa = PBXBuildFile; fileRef = 00A8231D1972E523003D5946 /* XCTest.framework */; };
		00A8231F1972E523003D5946 /* Foundation.framework in Frameworks */ = {isa = PBXBuildFile; fileRef = 00A822FE1972E523003D5946 /* Foundation.framework */; };
		00A823201972E523003D5946 /* UIKit.framework in Frameworks */ = {isa = PBXBuildFile; fileRef = 00A823021972E523003D5946 /* UIKit.framework */; };
		00A823281972E523003D5946 /* InfoPlist.strings in Resources */ = {isa = PBXBuildFile; fileRef = 00A823261972E523003D5946 /* InfoPlist.strings */; };
		00A8232A1972E523003D5946 /* CalcoholTests.m in Sources */ = {isa = PBXBuildFile; fileRef = 00A823291972E523003D5946 /* CalcoholTests.m */; };
		00A8233519775500003D5946 /* RWWhiskeyViewController.m in Sources */ = {isa = PBXBuildFile; fileRef = 00A8233419775500003D5946 /* RWWhiskeyViewController.m */; };
/* End PBXBuildFile section */

/* Begin PBXContainerItemProxy section */
		00A823211972E523003D5946 /* PBXContainerItemProxy */ = {
			isa = PBXContainerItemProxy;
			containerPortal = 00A822F31972E523003D5946 /* Project object */;
			proxyType = 1;
			remoteGlobalIDString = 00A822FA1972E523003D5946;
			remoteInfo = Calcohol;
		};
/* End PBXContainerItemProxy section */

/* Begin PBXFileReference section */
		009F84F41978B3D9007F1FC7 /* RWMainMenuViewController.h */ = {isa = PBXFileReference; fileEncoding = 4; lastKnownFileType = sourcecode.c.h; name = RWMainMenuViewController.h; path = ../RWMainMenuViewController.h; sourceTree = "<group>"; };
		009F84F51978B3D9007F1FC7 /* RWMainMenuViewController.m */ = {isa = PBXFileReference; fileEncoding = 4; lastKnownFileType = sourcecode.c.objc; name = RWMainMenuViewController.m; path = ../RWMainMenuViewController.m; sourceTree = "<group>"; };
		00A822FB1972E523003D5946 /* Calcohol.app */ = {isa = PBXFileReference; explicitFileType = wrapper.application; includeInIndex = 0; path = Calcohol.app; sourceTree = BUILT_PRODUCTS_DIR; };
		00A822FE1972E523003D5946 /* Foundation.framework */ = {isa = PBXFileReference; lastKnownFileType = wrapper.framework; name = Foundation.framework; path = System/Library/Frameworks/Foundation.framework; sourceTree = SDKROOT; };
		00A823001972E523003D5946 /* CoreGraphics.framework */ = {isa = PBXFileReference; lastKnownFileType = wrapper.framework; name = CoreGraphics.framework; path = System/Library/Frameworks/CoreGraphics.framework; sourceTree = SDKROOT; };
		00A823021972E523003D5946 /* UIKit.framework */ = {isa = PBXFileReference; lastKnownFileType = wrapper.framework; name = UIKit.framework; path = System/Library/Frameworks/UIKit.framework; sourceTree = SDKROOT; };
		00A823061972E523003D5946 /* Calcohol-Info.plist */ = {isa = PBXFileReference; lastKnownFileType = text.plist.xml; path = "Calcohol-Info.plist"; sourceTree = "<group>"; };
		00A823081972E523003D5946 /* en */ = {isa = PBXFileReference; lastKnownFileType = text.plist.strings; name = en; path = en.lproj/InfoPlist.strings; sourceTree = "<group>"; };
		00A8230A1972E523003D5946 /* main.m */ = {isa = PBXFileReference; lastKnownFileType = sourcecode.c.objc; path = main.m; sourceTree = "<group>"; };
		00A8230C1972E523003D5946 /* Calcohol-Prefix.pch */ = {isa = PBXFileReference; lastKnownFileType = sourcecode.c.h; path = "Calcohol-Prefix.pch"; sourceTree = "<group>"; };
		00A8230D1972E523003D5946 /* RWAppDelegate.h */ = {isa = PBXFileReference; lastKnownFileType = sourcecode.c.h; path = RWAppDelegate.h; sourceTree = "<group>"; };
		00A8230E1972E523003D5946 /* RWAppDelegate.m */ = {isa = PBXFileReference; lastKnownFileType = sourcecode.c.objc; path = RWAppDelegate.m; sourceTree = "<group>"; };
		00A823131972E523003D5946 /* RWViewController.h */ = {isa = PBXFileReference; lastKnownFileType = sourcecode.c.h; path = RWViewController.h; sourceTree = "<group>"; };
		00A823141972E523003D5946 /* RWViewController.m */ = {isa = PBXFileReference; lastKnownFileType = sourcecode.c.objc; path = RWViewController.m; sourceTree = "<group>"; };
		00A823161972E523003D5946 /* Images.xcassets */ = {isa = PBXFileReference; lastKnownFileType = folder.assetcatalog; path = Images.xcassets; sourceTree = "<group>"; };
		00A8231C1972E523003D5946 /* CalcoholTests.xctest */ = {isa = PBXFileReference; explicitFileType = wrapper.cfbundle; includeInIndex = 0; path = CalcoholTests.xctest; sourceTree = BUILT_PRODUCTS_DIR; };
		00A8231D1972E523003D5946 /* XCTest.framework */ = {isa = PBXFileReference; lastKnownFileType = wrapper.framework; name = XCTest.framework; path = Library/Frameworks/XCTest.framework; sourceTree = DEVELOPER_DIR; };
		00A823251972E523003D5946 /* CalcoholTests-Info.plist */ = {isa = PBXFileReference; lastKnownFileType = text.plist.xml; path = "CalcoholTests-Info.plist"; sourceTree = "<group>"; };
		00A823271972E523003D5946 /* en */ = {isa = PBXFileReference; lastKnownFileType = text.plist.strings; name = en; path = en.lproj/InfoPlist.strings; sourceTree = "<group>"; };
		00A823291972E523003D5946 /* CalcoholTests.m */ = {isa = PBXFileReference; lastKnownFileType = sourcecode.c.objc; path = CalcoholTests.m; sourceTree = "<group>"; };
		00A8233319775500003D5946 /* RWWhiskeyViewController.h */ = {isa = PBXFileReference; fileEncoding = 4; lastKnownFileType = sourcecode.c.h; path = RWWhiskeyViewController.h; sourceTree = "<group>"; };
		00A8233419775500003D5946 /* RWWhiskeyViewController.m */ = {isa = PBXFileReference; fileEncoding = 4; lastKnownFileType = sourcecode.c.objc; path = RWWhiskeyViewController.m; sourceTree = "<group>"; };
/* End PBXFileReference section */

/* Begin PBXFrameworksBuildPhase section */
		00A822F81972E523003D5946 /* Frameworks */ = {
			isa = PBXFrameworksBuildPhase;
			buildActionMask = 2147483647;
			files = (
				00A823011972E523003D5946 /* CoreGraphics.framework in Frameworks */,
				00A823031972E523003D5946 /* UIKit.framework in Frameworks */,
				00A822FF1972E523003D5946 /* Foundation.framework in Frameworks */,
			);
			runOnlyForDeploymentPostprocessing = 0;
		};
		00A823191972E523003D5946 /* Frameworks */ = {
			isa = PBXFrameworksBuildPhase;
			buildActionMask = 2147483647;
			files = (
				00A8231E1972E523003D5946 /* XCTest.framework in Frameworks */,
				00A823201972E523003D5946 /* UIKit.framework in Frameworks */,
				00A8231F1972E523003D5946 /* Foundation.framework in Frameworks */,
			);
			runOnlyForDeploymentPostprocessing = 0;
		};
/* End PBXFrameworksBuildPhase section */

/* Begin PBXGroup section */
		00A822F21972E523003D5946 = {
			isa = PBXGroup;
			children = (
				00A823041972E523003D5946 /* Calcohol */,
				00A823231972E523003D5946 /* CalcoholTests */,
				00A822FD1972E523003D5946 /* Frameworks */,
				00A822FC1972E523003D5946 /* Products */,
			);
			sourceTree = "<group>";
		};
		00A822FC1972E523003D5946 /* Products */ = {
			isa = PBXGroup;
			children = (
				00A822FB1972E523003D5946 /* Calcohol.app */,
				00A8231C1972E523003D5946 /* CalcoholTests.xctest */,
			);
			name = Products;
			sourceTree = "<group>";
		};
		00A822FD1972E523003D5946 /* Frameworks */ = {
			isa = PBXGroup;
			children = (
				00A822FE1972E523003D5946 /* Foundation.framework */,
				00A823001972E523003D5946 /* CoreGraphics.framework */,
				00A823021972E523003D5946 /* UIKit.framework */,
				00A8231D1972E523003D5946 /* XCTest.framework */,
			);
			name = Frameworks;
			sourceTree = "<group>";
		};
		00A823041972E523003D5946 /* Calcohol */ = {
			isa = PBXGroup;
			children = (
				00A8230D1972E523003D5946 /* RWAppDelegate.h */,
				00A8230E1972E523003D5946 /* RWAppDelegate.m */,
				00A823131972E523003D5946 /* RWViewController.h */,
				00A823141972E523003D5946 /* RWViewController.m */,
				009F84F41978B3D9007F1FC7 /* RWMainMenuViewController.h */,
				009F84F51978B3D9007F1FC7 /* RWMainMenuViewController.m */,
				00A8233319775500003D5946 /* RWWhiskeyViewController.h */,
				00A8233419775500003D5946 /* RWWhiskeyViewController.m */,
				00A823161972E523003D5946 /* Images.xcassets */,
				00A823051972E523003D5946 /* Supporting Files */,
			);
			path = Calcohol;
			sourceTree = "<group>";
		};
		00A823051972E523003D5946 /* Supporting Files */ = {
			isa = PBXGroup;
			children = (
				00A823061972E523003D5946 /* Calcohol-Info.plist */,
				00A823071972E523003D5946 /* InfoPlist.strings */,
				00A8230A1972E523003D5946 /* main.m */,
				00A8230C1972E523003D5946 /* Calcohol-Prefix.pch */,
			);
			name = "Supporting Files";
			sourceTree = "<group>";
		};
		00A823231972E523003D5946 /* CalcoholTests */ = {
			isa = PBXGroup;
			children = (
				00A823291972E523003D5946 /* CalcoholTests.m */,
				00A823241972E523003D5946 /* Supporting Files */,
			);
			path = CalcoholTests;
			sourceTree = "<group>";
		};
		00A823241972E523003D5946 /* Supporting Files */ = {
			isa = PBXGroup;
			children = (
				00A823251972E523003D5946 /* CalcoholTests-Info.plist */,
				00A823261972E523003D5946 /* InfoPlist.strings */,
			);
			name = "Supporting Files";
			sourceTree = "<group>";
		};
/* End PBXGroup section */

/* Begin PBXNativeTarget section */
		00A822FA1972E523003D5946 /* Calcohol */ = {
			isa = PBXNativeTarget;
			buildConfigurationList = 00A8232D1972E523003D5946 /* Build configuration list for PBXNativeTarget "Calcohol" */;
			buildPhases = (
				00A822F71972E523003D5946 /* Sources */,
				00A822F81972E523003D5946 /* Frameworks */,
				00A822F91972E523003D5946 /* Resources */,
			);
			buildRules = (
			);
			dependencies = (
			);
			name = Calcohol;
			productName = Calcohol;
			productReference = 00A822FB1972E523003D5946 /* Calcohol.app */;
			productType = "com.apple.product-type.application";
		};
		00A8231B1972E523003D5946 /* CalcoholTests */ = {
			isa = PBXNativeTarget;
			buildConfigurationList = 00A823301972E523003D5946 /* Build configuration list for PBXNativeTarget "CalcoholTests" */;
			buildPhases = (
				00A823181972E523003D5946 /* Sources */,
				00A823191972E523003D5946 /* Frameworks */,
				00A8231A1972E523003D5946 /* Resources */,
			);
			buildRules = (
			);
			dependencies = (
				00A823221972E523003D5946 /* PBXTargetDependency */,
			);
			name = CalcoholTests;
			productName = CalcoholTests;
			productReference = 00A8231C1972E523003D5946 /* CalcoholTests.xctest */;
			productType = "com.apple.product-type.bundle.unit-test";
		};
/* End PBXNativeTarget section */

/* Begin PBXProject section */
		00A822F31972E523003D5946 /* Project object */ = {
			isa = PBXProject;
			attributes = {
				CLASSPREFIX = RW;
				LastUpgradeCheck = 0510;
				ORGANIZATIONNAME = "Renaldo Webb";
				TargetAttributes = {
					00A8231B1972E523003D5946 = {
						TestTargetID = 00A822FA1972E523003D5946;
					};
				};
			};
			buildConfigurationList = 00A822F61972E523003D5946 /* Build configuration list for PBXProject "Calcohol" */;
			compatibilityVersion = "Xcode 3.2";
			developmentRegion = English;
			hasScannedForEncodings = 0;
			knownRegions = (
				en,
				Base,
			);
			mainGroup = 00A822F21972E523003D5946;
			productRefGroup = 00A822FC1972E523003D5946 /* Products */;
			projectDirPath = "";
			projectRoot = "";
			targets = (
				00A822FA1972E523003D5946 /* Calcohol */,
				00A8231B1972E523003D5946 /* CalcoholTests */,
			);
		};
/* End PBXProject section */

/* Begin PBXResourcesBuildPhase section */
		00A822F91972E523003D5946 /* Resources */ = {
			isa = PBXResourcesBuildPhase;
			buildActionMask = 2147483647;
			files = (
				00A823171972E523003D5946 /* Images.xcassets in Resources */,
				00A823091972E523003D5946 /* InfoPlist.strings in Resources */,
			);
			runOnlyForDeploymentPostprocessing = 0;
		};
		00A8231A1972E523003D5946 /* Resources */ = {
			isa = PBXResourcesBuildPhase;
			buildActionMask = 2147483647;
			files = (
				00A823281972E523003D5946 /* InfoPlist.strings in Resources */,
			);
			runOnlyForDeploymentPostprocessing = 0;
		};
/* End PBXResourcesBuildPhase section */

/* Begin PBXSourcesBuildPhase section */
		00A822F71972E523003D5946 /* Sources */ = {
			isa = PBXSourcesBuildPhase;
			buildActionMask = 2147483647;
			files = (
				00A8233519775500003D5946 /* RWWhiskeyViewController.m in Sources */,
				00A8230B1972E523003D5946 /* main.m in Sources */,
				009F84F61978B3D9007F1FC7 /* RWMainMenuViewController.m in Sources */,
				00A823151972E523003D5946 /* RWViewController.m in Sources */,
				00A8230F1972E523003D5946 /* RWAppDelegate.m in Sources */,
			);
			runOnlyForDeploymentPostprocessing = 0;
		};
		00A823181972E523003D5946 /* Sources */ = {
			isa = PBXSourcesBuildPhase;
			buildActionMask = 2147483647;
			files = (
				00A8232A1972E523003D5946 /* CalcoholTests.m in Sources */,
			);
			runOnlyForDeploymentPostprocessing = 0;
		};
/* End PBXSourcesBuildPhase section */

/* Begin PBXTargetDependency section */
		00A823221972E523003D5946 /* PBXTargetDependency */ = {
			isa = PBXTargetDependency;
			target = 00A822FA1972E523003D5946 /* Calcohol */;
			targetProxy = 00A823211972E523003D5946 /* PBXContainerItemProxy */;
		};
/* End PBXTargetDependency section */

/* Begin PBXVariantGroup section */
		00A823071972E523003D5946 /* InfoPlist.strings */ = {
			isa = PBXVariantGroup;
			children = (
				00A823081972E523003D5946 /* en */,
			);
			name = InfoPlist.strings;
			sourceTree = "<group>";
		};
		00A823261972E523003D5946 /* InfoPlist.strings */ = {
			isa = PBXVariantGroup;
			children = (
				00A823271972E523003D5946 /* en */,
			);
			name = InfoPlist.strings;
			sourceTree = "<group>";
		};
/* End PBXVariantGroup section */

/* Begin XCBuildConfiguration section */
		00A8232B1972E523003D5946 /* Debug */ = {
			isa = XCBuildConfiguration;
			buildSettings = {
				ALWAYS_SEARCH_USER_PATHS = NO;
				CLANG_CXX_LANGUAGE_STANDARD = "gnu++0x";
				CLANG_CXX_LIBRARY = "libc++";
				CLANG_ENABLE_MODULES = YES;
				CLANG_ENABLE_OBJC_ARC = YES;
				CLANG_WARN_BOOL_CONVERSION = YES;
				CLANG_WARN_CONSTANT_CONVERSION = YES;
				CLANG_WARN_DIRECT_OBJC_ISA_USAGE = YES_ERROR;
				CLANG_WARN_EMPTY_BODY = YES;
				CLANG_WARN_ENUM_CONVERSION = YES;
				CLANG_WARN_INT_CONVERSION = YES;
				CLANG_WARN_OBJC_ROOT_CLASS = YES_ERROR;
				CLANG_WARN__DUPLICATE_METHOD_MATCH = YES;
				"CODE_SIGN_IDENTITY[sdk=iphoneos*]" = "iPhone Developer";
				COPY_PHASE_STRIP = NO;
				GCC_C_LANGUAGE_STANDARD = gnu99;
				GCC_DYNAMIC_NO_PIC = NO;
				GCC_OPTIMIZATION_LEVEL = 0;
				GCC_PREPROCESSOR_DEFINITIONS = (
					"DEBUG=1",
					"$(inherited)",
				);
				GCC_SYMBOLS_PRIVATE_EXTERN = NO;
				GCC_WARN_64_TO_32_BIT_CONVERSION = YES;
				GCC_WARN_ABOUT_RETURN_TYPE = YES_ERROR;
				GCC_WARN_UNDECLARED_SELECTOR = YES;
				GCC_WARN_UNINITIALIZED_AUTOS = YES_AGGRESSIVE;
				GCC_WARN_UNUSED_FUNCTION = YES;
				GCC_WARN_UNUSED_VARIABLE = YES;
				IPHONEOS_DEPLOYMENT_TARGET = 7.1;
				ONLY_ACTIVE_ARCH = YES;
				SDKROOT = iphoneos;
			};
			name = Debug;
		};
		00A8232C1972E523003D5946 /* Release */ = {
			isa = XCBuildConfiguration;
			buildSettings = {
				ALWAYS_SEARCH_USER_PATHS = NO;
				CLANG_CXX_LANGUAGE_STANDARD = "gnu++0x";
				CLANG_CXX_LIBRARY = "libc++";
				CLANG_ENABLE_MODULES = YES;
				CLANG_ENABLE_OBJC_ARC = YES;
				CLANG_WARN_BOOL_CONVERSION = YES;
				CLANG_WARN_CONSTANT_CONVERSION = YES;
				CLANG_WARN_DIRECT_OBJC_ISA_USAGE = YES_ERROR;
				CLANG_WARN_EMPTY_BODY = YES;
				CLANG_WARN_ENUM_CONVERSION = YES;
				CLANG_WARN_INT_CONVERSION = YES;
				CLANG_WARN_OBJC_ROOT_CLASS = YES_ERROR;
				CLANG_WARN__DUPLICATE_METHOD_MATCH = YES;
				"CODE_SIGN_IDENTITY[sdk=iphoneos*]" = "iPhone Developer";
				COPY_PHASE_STRIP = YES;
				ENABLE_NS_ASSERTIONS = NO;
				GCC_C_LANGUAGE_STANDARD = gnu99;
				GCC_WARN_64_TO_32_BIT_CONVERSION = YES;
				GCC_WARN_ABOUT_RETURN_TYPE = YES_ERROR;
				GCC_WARN_UNDECLARED_SELECTOR = YES;
				GCC_WARN_UNINITIALIZED_AUTOS = YES_AGGRESSIVE;
				GCC_WARN_UNUSED_FUNCTION = YES;
				GCC_WARN_UNUSED_VARIABLE = YES;
				IPHONEOS_DEPLOYMENT_TARGET = 7.1;
				SDKROOT = iphoneos;
				VALIDATE_PRODUCT = YES;
			};
			name = Release;
		};
		00A8232E1972E523003D5946 /* Debug */ = {
			isa = XCBuildConfiguration;
			buildSettings = {
				ASSETCATALOG_COMPILER_APPICON_NAME = AppIcon;
				ASSETCATALOG_COMPILER_LAUNCHIMAGE_NAME = LaunchImage;
				GCC_PRECOMPILE_PREFIX_HEADER = YES;
				GCC_PREFIX_HEADER = "Calcohol/Calcohol-Prefix.pch";
				INFOPLIST_FILE = "Calcohol/Calcohol-Info.plist";
				IPHONEOS_DEPLOYMENT_TARGET = 7.1;
				PRODUCT_NAME = "$(TARGET_NAME)";
				TARGETED_DEVICE_FAMILY = "1,2";
				WRAPPER_EXTENSION = app;
			};
			name = Debug;
		};
		00A8232F1972E523003D5946 /* Release */ = {
			isa = XCBuildConfiguration;
			buildSettings = {
				ASSETCATALOG_COMPILER_APPICON_NAME = AppIcon;
				ASSETCATALOG_COMPILER_LAUNCHIMAGE_NAME = LaunchImage;
				GCC_PRECOMPILE_PREFIX_HEADER = YES;
				GCC_PREFIX_HEADER = "Calcohol/Calcohol-Prefix.pch";
				INFOPLIST_FILE = "Calcohol/Calcohol-Info.plist";
				IPHONEOS_DEPLOYMENT_TARGET = 7.1;
				PRODUCT_NAME = "$(TARGET_NAME)";
				TARGETED_DEVICE_FAMILY = "1,2";
				WRAPPER_EXTENSION = app;
			};
			name = Release;
		};
		00A823311972E523003D5946 /* Debug */ = {
			isa = XCBuildConfiguration;
			buildSettings = {
				BUNDLE_LOADER = "$(BUILT_PRODUCTS_DIR)/Calcohol.app/Calcohol";
				FRAMEWORK_SEARCH_PATHS = (
					"$(SDKROOT)/Developer/Library/Frameworks",
					"$(inherited)",
					"$(DEVELOPER_FRAMEWORKS_DIR)",
				);
				GCC_PRECOMPILE_PREFIX_HEADER = YES;
				GCC_PREFIX_HEADER = "Calcohol/Calcohol-Prefix.pch";
				GCC_PREPROCESSOR_DEFINITIONS = (
					"DEBUG=1",
					"$(inherited)",
				);
				INFOPLIST_FILE = "CalcoholTests/CalcoholTests-Info.plist";
				PRODUCT_NAME = "$(TARGET_NAME)";
				TEST_HOST = "$(BUNDLE_LOADER)";
				WRAPPER_EXTENSION = xctest;
			};
			name = Debug;
		};
		00A823321972E523003D5946 /* Release */ = {
			isa = XCBuildConfiguration;
			buildSettings = {
				BUNDLE_LOADER = "$(BUILT_PRODUCTS_DIR)/Calcohol.app/Calcohol";
				FRAMEWORK_SEARCH_PATHS = (
					"$(SDKROOT)/Developer/Library/Frameworks",
					"$(inherited)",
					"$(DEVELOPER_FRAMEWORKS_DIR)",
				);
				GCC_PRECOMPILE_PREFIX_HEADER = YES;
				GCC_PREFIX_HEADER = "Calcohol/Calcohol-Prefix.pch";
				INFOPLIST_FILE = "CalcoholTests/CalcoholTests-Info.plist";
				PRODUCT_NAME = "$(TARGET_NAME)";
				TEST_HOST = "$(BUNDLE_LOADER)";
				WRAPPER_EXTENSION = xctest;
			};
			name = Release;
		};
/* End XCBuildConfiguration section */

/* Begin XCConfigurationList section */
		00A822F61972E523003D5946 /* Build configuration list for PBXProject "Calcohol" */ = {
			isa = XCConfigurationList;
			buildConfigurations = (
				00A8232B1972E523003D5946 /* Debug */,
				00A8232C1972E523003D5946 /* Release */,
			);
			defaultConfigurationIsVisible = 0;
			defaultConfigurationName = Release;
		};
		00A8232D1972E523003D5946 /* Build configuration list for PBXNativeTarget "Calcohol" */ = {
			isa = XCConfigurationList;
			buildConfigurations = (
				00A8232E1972E523003D5946 /* Debug */,
				00A8232F1972E523003D5946 /* Release */,
			);
			defaultConfigurationIsVisible = 0;
			defaultConfigurationName = Release;
		};
		00A823301972E523003D5946 /* Build configuration list for PBXNativeTarget "CalcoholTests" */ = {
			isa = XCConfigurationList;
			buildConfigurations = (
				00A823311972E523003D5946 /* Debug */,
				00A823321972E523003D5946 /* Release */,
			);
			defaultConfigurationIsVisible = 0;
			defaultConfigurationName = Release;
		};
/* End XCConfigurationList section */
	};
	rootObject = 00A822F31972E523003D5946 /* Project object */;
}
